
Microsoft Visual Studio Solution File, Format Version 12.00
# Visual Studio Version 17
VisualStudioVersion = 17.5.33516.290
MinimumVisualStudioVersion = 10.0.40219.1
Project("{FAE04EC0-301F-11D3-BF4B-00C04F79EFBC}") = "Wallet Payment", "Wallet Payment.csproj", "{A611A42E-FC37-4836-962A-C12A1C32DEFF}"
EndProject
Global
	GlobalSection(SolutionConfigurationPlatforms) = preSolution
		Debug|Any CPU = Debug|Any CPU
		Release|Any CPU = Release|Any CPU
	EndGlobalSection
	GlobalSection(ProjectConfigurationPlatforms) = postSolution
		{A611A42E-FC37-4836-962A-C12A1C32DEFF}.Debug|Any CPU.ActiveCfg = Debug|Any CPU
		{A611A42E-FC37-4836-962A-C12A1C32DEFF}.Debug|Any CPU.Build.0 = Debug|Any CPU
		{A611A42E-FC37-4836-962A-C12A1C32DEFF}.Release|Any CPU.ActiveCfg = Release|Any CPU
		{A611A42E-FC37-4836-962A-C12A1C32DEFF}.Release|Any CPU.Build.0 = Release|Any CPU
	EndGlobalSection
	GlobalSection(SolutionProperties) = preSolution
		HideSolutionNode = FALSE
	EndGlobalSection
	GlobalSection(ExtensibilityGlobals) = postSolution
		SolutionGuid = {2184DB8F-D8DC-45F4-AC5D-38F938F32CA2}
	EndGlobalSection
EndGlobal
